{
    "_readme": [
        "This file locks the dependencies of your project to a known state",
        "Read more about it at http://getcomposer.org/doc/01-basic-usage.md#composer-lock-the-lock-file",
        "This file is @generated automatically"
    ],
    "hash": "2e593013ec34f60f1c14833cd5831ea7",
    "packages": [
        {
            "name": "lijinma/php-cli-color",
            "version": "1.0.0",
            "source": {
                "type": "git",
                "url": "https://github.com/lijinma/php-cli-color.git",
                "reference": "5ee4f7414882b26a4a657428e9a15872bde99b38"
            },
            "dist": {
                "type": "zip",
                "url": "https://api.github.com/repos/lijinma/php-cli-color/zipball/5ee4f7414882b26a4a657428e9a15872bde99b38",
                "reference": "5ee4f7414882b26a4a657428e9a15872bde99b38",
                "shasum": ""
            },
            "require": {
                "php": ">=5.3.0"
            },
            "type": "library",
            "autoload": {
                "psr-4": {
                    "Lijinma\\": "src"
                }
            },
            "notification-url": "https://packagist.org/downloads/",
            "license": [
                "MIT"
            ],
            "authors": [
                {
                    "name": "Jinma li",
                    "email": "lijinma@126.com",
                    "homepage": "http://www.lijinma.com"
                }
            ],
            "description": "Make colorful CLI output easy",
            "homepage": "https://github.com/lijinma/php-cli-color",
            "time": "2014-12-23 07:14:16"
        },
        {
            "name": "psr/log",
            "version": "1.0.0",
            "source": {
                "type": "git",
                "url": "https://github.com/php-fig/log.git",
                "reference": "fe0936ee26643249e916849d48e3a51d5f5e278b"
            },
            "dist": {
                "type": "zip",
                "url": "https://api.github.com/repos/php-fig/log/zipball/fe0936ee26643249e916849d48e3a51d5f5e278b",
                "reference": "fe0936ee26643249e916849d48e3a51d5f5e278b",
                "shasum": ""
            },
            "type": "library",
            "autoload": {
                "psr-0": {
                    "Psr\\Log\\": ""
                }
            },
            "notification-url": "https://packagist.org/downloads/",
            "license": [
                "MIT"
            ],
            "authors": [
                {
                    "name": "PHP-FIG",
                    "homepage": "http://www.php-fig.org/"
                }
            ],
            "description": "Common interface for logging libraries",
            "keywords": [
                "log",
                "psr",
                "psr-3"
            ],
            "time": "2012-12-21 11:40:51"
        },
        {
            "name": "webmozart/glob",
            "version": "1.0.0-beta3",
            "source": {
                "type": "git",
                "url": "https://github.com/webmozart/glob.git",
                "reference": "87128dee4810f241bbd608dc6b6dba9b75055f10"
            },
            "dist": {
                "type": "zip",
                "url": "https://api.github.com/repos/webmozart/glob/zipball/87128dee4810f241bbd608dc6b6dba9b75055f10",
                "reference": "87128dee4810f241bbd608dc6b6dba9b75055f10",
                "shasum": ""
            },
            "require": {
                "php": ">=5.3.3",
                "webmozart/path-util": "~1.0"
            },
            "require-dev": {
                "symfony/filesystem": "~2.5"
            },
            "type": "library",
            "extra": {
                "branch-alias": {
                    "dev-master": "1.0-dev"
                }
            },
            "autoload": {
                "psr-4": {
                    "Webmozart\\Glob\\": "src/"
                }
            },
            "notification-url": "https://packagist.org/downloads/",
            "license": [
                "MIT"
            ],
            "authors": [
                {
                    "name": "Bernhard Schussek",
                    "email": "bschussek@gmail.com"
                }
            ],
            "description": "A PHP implementation of Ant's glob.",
            "time": "2015-01-30 12:49:54"
        },
        {
            "name": "webmozart/path-util",
            "version": "1.0.2",
            "source": {
                "type": "git",
                "url": "https://github.com/webmozart/path-util.git",
                "reference": "0290376dc1f3ff5cf116c573b0892630e05ee659"
            },
            "dist": {
                "type": "zip",
                "url": "https://api.github.com/repos/webmozart/path-util/zipball/0290376dc1f3ff5cf116c573b0892630e05ee659",
                "reference": "0290376dc1f3ff5cf116c573b0892630e05ee659",
                "shasum": ""
            },
            "require": {
                "php": ">=5.3.3"
            },
            "type": "library",
            "extra": {
                "branch-alias": {
                    "dev-master": "1.0-dev"
                }
            },
            "autoload": {
                "psr-4": {
                    "Webmozart\\PathUtil\\": "src/"
                }
            },
            "notification-url": "https://packagist.org/downloads/",
            "license": [
                "MIT"
            ],
            "authors": [
                {
                    "name": "Bernhard Schussek",
                    "email": "bschussek@gmail.com"
                }
            ],
            "description": "A robust cross-platform utility for normalizing, comparing and modifying file paths.",
            "time": "2015-01-12 10:28:01"
        }
    ],
    "packages-dev": [],
    "aliases": [],
    "minimum-stability": "stable",
    "stability-flags": {
        "webmozart/glob": 10
    },
    "prefer-stable": false,
    "prefer-lowest": false,
    "platform": [],
    "platform-dev": []
}
